
Microsoft Visual Studio Solution File, Format Version 12.00
# Visual Studio 15
VisualStudioVersion = 15.0.27004.2006
MinimumVisualStudioVersion = 10.0.40219.1
Project("{FAE04EC0-301F-11D3-BF4B-00C04F79EFBC}") = "PdfBackend", "PdfBackend\PdfBackend.csproj", "{776BB622-5F66-48FC-8858-2E2554193267}"
EndProject
Project("{FAE04EC0-301F-11D3-BF4B-00C04F79EFBC}") = "QRCoder.NET40", "..\QRCoder-master\QRCoder\QRCoder.NET40.csproj", "{A68DD9CA-828E-4908-8352-0A2B53621F37}"
EndProject
Global
	GlobalSection(SolutionConfigurationPlatforms) = preSolution
		Debug|Any CPU = Debug|Any CPU
		Debug|x86 = Debug|x86
		Release|Any CPU = Release|Any CPU
		Release|x86 = Release|x86
	EndGlobalSection
	GlobalSection(ProjectConfigurationPlatforms) = postSolution
		{776BB622-5F66-48FC-8858-2E2554193267}.Debug|Any CPU.ActiveCfg = Debug|Any CPU
		{776BB622-5F66-48FC-8858-2E2554193267}.Debug|Any CPU.Build.0 = Debug|Any CPU
		{776BB622-5F66-48FC-8858-2E2554193267}.Debug|x86.ActiveCfg = Debug|x86
		{776BB622-5F66-48FC-8858-2E2554193267}.Debug|x86.Build.0 = Debug|x86
		{776BB622-5F66-48FC-8858-2E2554193267}.Release|Any CPU.ActiveCfg = Release|Any CPU
		{776BB622-5F66-48FC-8858-2E2554193267}.Release|Any CPU.Build.0 = Release|Any CPU
		{776BB622-5F66-48FC-8858-2E2554193267}.Release|x86.ActiveCfg = Release|x86
		{776BB622-5F66-48FC-8858-2E2554193267}.Release|x86.Build.0 = Release|x86
		{A68DD9CA-828E-4908-8352-0A2B53621F37}.Debug|Any CPU.ActiveCfg = Debug|Any CPU
		{A68DD9CA-828E-4908-8352-0A2B53621F37}.Debug|Any CPU.Build.0 = Debug|Any CPU
		{A68DD9CA-828E-4908-8352-0A2B53621F37}.Debug|x86.ActiveCfg = Debug|Any CPU
		{A68DD9CA-828E-4908-8352-0A2B53621F37}.Debug|x86.Build.0 = Debug|Any CPU
		{A68DD9CA-828E-4908-8352-0A2B53621F37}.Release|Any CPU.ActiveCfg = Release|Any CPU
		{A68DD9CA-828E-4908-8352-0A2B53621F37}.Release|Any CPU.Build.0 = Release|Any CPU
		{A68DD9CA-828E-4908-8352-0A2B53621F37}.Release|x86.ActiveCfg = Debug|Any CPU
		{A68DD9CA-828E-4908-8352-0A2B53621F37}.Release|x86.Build.0 = Debug|Any CPU
	EndGlobalSection
	GlobalSection(SolutionProperties) = preSolution
		HideSolutionNode = FALSE
	EndGlobalSection
	GlobalSection(ExtensibilityGlobals) = postSolution
		SolutionGuid = {62F4D3EF-48F4-49FC-80DD-822EB9EB2671}
	EndGlobalSection
EndGlobal
